<?xml version="1.0" encoding="utf-8"?>
<Project ToolsVersion="17.0" xmlns="http://schemas.microsoft.com/developer/msbuild/2003">
  <ItemGroup>
    <ClCompile Include="C:\Users\Shalom\Documents\GitHub\coc\Classes\App\AppDelegate.cpp">
      <Filter>Source Files\Classes\App</Filter>
    </ClCompile>
    <ClCompile Include="C:\Users\Shalom\Documents\GitHub\coc\Classes\Scenes\AccountSelectScene.cpp">
      <Filter>Source Files\Classes\Scenes</Filter>
    </ClCompile>
    <ClCompile Include="C:\Users\Shalom\Documents\GitHub\coc\Classes\Scenes\BattleScene.cpp">
      <Filter>Source Files\Classes\Scenes</Filter>
    </ClCompile>
    <ClCompile Include="C:\Users\Shalom\Documents\GitHub\coc\Classes\Scenes\DraggableMapScene.cpp">
      <Filter>Source Files\Classes\Scenes</Filter>
    </ClCompile>
    <ClCompile Include="C:\Users\Shalom\Documents\GitHub\coc\Classes\Scenes\HelloWorldScene.cpp">
      <Filter>Source Files\Classes\Scenes</Filter>
    </ClCompile>
    <ClCompile Include="C:\Users\Shalom\Documents\GitHub\coc\Classes\Managers\AccountManager.cpp">
      <Filter>Source Files\Classes\Managers</Filter>
    </ClCompile>
    <ClCompile Include="C:\Users\Shalom\Documents\GitHub\coc\Classes\Managers\BuildingManager.cpp">
      <Filter>Source Files\Classes\Managers</Filter>
    </ClCompile>
    <ClCompile Include="C:\Users\Shalom\Documents\GitHub\coc\Classes\Managers\HeroManager.cpp">
      <Filter>Source Files\Classes\Managers</Filter>
    </ClCompile>
    <ClCompile Include="C:\Users\Shalom\Documents\GitHub\coc\Classes\Managers\MapConfigManager.cpp">
      <Filter>Source Files\Classes\Managers</Filter>
    </ClCompile>
    <ClCompile Include="C:\Users\Shalom\Documents\GitHub\coc\Classes\Managers\MusicManager.cpp">
      <Filter>Source Files\Classes\Managers</Filter>
    </ClCompile>
    <ClCompile Include="C:\Users\Shalom\Documents\GitHub\coc\Classes\Managers\NetworkManager.cpp">
      <Filter>Source Files\Classes\Managers</Filter>
    </ClCompile>
    <ClCompile Include="C:\Users\Shalom\Documents\GitHub\coc\Classes\Managers\ResourceManager.cpp">
      <Filter>Source Files\Classes\Managers</Filter>
    </ClCompile>
    <ClCompile Include="C:\Users\Shalom\Documents\GitHub\coc\Classes\Managers\SocketClient.cpp">
      <Filter>Source Files\Classes\Managers</Filter>
    </ClCompile>
    <ClCompile Include="C:\Users\Shalom\Documents\GitHub\coc\Classes\Managers\StorageManager.cpp">
      <Filter>Source Files\Classes\Managers</Filter>
    </ClCompile>
    <ClCompile Include="C:\Users\Shalom\Documents\GitHub\coc\Classes\Managers\TownHallSystem.cpp">
      <Filter>Source Files\Classes\Managers</Filter>
    </ClCompile>
    <ClCompile Include="C:\Users\Shalom\Documents\GitHub\coc\Classes\Models\Hero.cpp">
      <Filter>Source Files\Classes\Models</Filter>
    </ClCompile>
    <ClCompile Include="C:\Users\Shalom\Documents\GitHub\coc\Classes\GridMap\GridMap.cpp">
      <Filter>Source Files\Classes\GridMap</Filter>
    </ClCompile>
    <ClCompile Include="C:\Users\Shalom\Documents\GitHub\coc\Classes\Buildings\ArmyBuilding.cpp">
      <Filter>Source Files\Classes\Buildings</Filter>
    </ClCompile>
    <ClCompile Include="C:\Users\Shalom\Documents\GitHub\coc\Classes\Buildings\BaseBuilding.cpp">
      <Filter>Source Files\Classes\Buildings</Filter>
    </ClCompile>
    <ClCompile Include="C:\Users\Shalom\Documents\GitHub\coc\Classes\Buildings\BuildingUpgradeUI.cpp">
      <Filter>Source Files\Classes\Buildings</Filter>
    </ClCompile>
    <ClCompile Include="C:\Users\Shalom\Documents\GitHub\coc\Classes\Buildings\DefenseBuilding.cpp">
      <Filter>Source Files\Classes\Buildings</Filter>
    </ClCompile>
    <ClCompile Include="C:\Users\Shalom\Documents\GitHub\coc\Classes\Buildings\ResourceBuilding.cpp">
      <Filter>Source Files\Classes\Buildings</Filter>
    </ClCompile>
    <ClCompile Include="C:\Users\Shalom\Documents\GitHub\coc\Classes\Buildings\StorageBuilding.cpp">
      <Filter>Source Files\Classes\Buildings</Filter>
    </ClCompile>
    <ClCompile Include="C:\Users\Shalom\Documents\GitHub\coc\Classes\Buildings\TownHallBuilding.cpp">
      <Filter>Source Files\Classes\Buildings</Filter>
    </ClCompile>
    <ClCompile Include="C:\Users\Shalom\Documents\GitHub\coc\Classes\Unit\unit.cpp">
      <Filter>Source Files\Classes\Unit</Filter>
    </ClCompile>
    <ClCompile Include="C:\Users\Shalom\Documents\GitHub\coc\proj.win32\main.cpp">
      <Filter>Source Files\proj.win32</Filter>
    </ClCompile>
    <ClCompile Include="C:\Users\Shalom\Documents\GitHub\coc\cocos2d\cocos\precheader.cpp">
      <Filter>Source Files</Filter>
    </ClCompile>
  </ItemGroup>
  <ItemGroup>
    <ClInclude Include="C:\Users\Shalom\Documents\GitHub\coc\Classes\App\AppDelegate.h">
      <Filter>Source Files\Classes\App</Filter>
    </ClInclude>
    <ClInclude Include="C:\Users\Shalom\Documents\GitHub\coc\Classes\Scenes\AccountSelectScene.h">
      <Filter>Source Files\Classes\Scenes</Filter>
    </ClInclude>
    <ClInclude Include="C:\Users\Shalom\Documents\GitHub\coc\Classes\Scenes\BattleScene.h">
      <Filter>Source Files\Classes\Scenes</Filter>
    </ClInclude>
    <ClInclude Include="C:\Users\Shalom\Documents\GitHub\coc\Classes\Scenes\DraggableMapScene.h">
      <Filter>Source Files\Classes\Scenes</Filter>
    </ClInclude>
    <ClInclude Include="C:\Users\Shalom\Documents\GitHub\coc\Classes\Scenes\HelloWorldScene.h">
      <Filter>Source Files\Classes\Scenes</Filter>
    </ClInclude>
    <ClInclude Include="C:\Users\Shalom\Documents\GitHub\coc\Classes\Managers\AccountManager.h">
      <Filter>Source Files\Classes\Managers</Filter>
    </ClInclude>
    <ClInclude Include="C:\Users\Shalom\Documents\GitHub\coc\Classes\Managers\BuildingManager.h">
      <Filter>Source Files\Classes\Managers</Filter>
    </ClInclude>
    <ClInclude Include="C:\Users\Shalom\Documents\GitHub\coc\Classes\Managers\HeroManager.h">
      <Filter>Source Files\Classes\Managers</Filter>
    </ClInclude>
    <ClInclude Include="C:\Users\Shalom\Documents\GitHub\coc\Classes\Managers\MapConfigManager.h">
      <Filter>Source Files\Classes\Managers</Filter>
    </ClInclude>
    <ClInclude Include="C:\Users\Shalom\Documents\GitHub\coc\Classes\Managers\MusicManager.h">
      <Filter>Source Files\Classes\Managers</Filter>
    </ClInclude>
    <ClInclude Include="C:\Users\Shalom\Documents\GitHub\coc\Classes\Managers\NetworkManager.h">
      <Filter>Source Files\Classes\Managers</Filter>
    </ClInclude>
    <ClInclude Include="C:\Users\Shalom\Documents\GitHub\coc\Classes\Managers\ResourceManager.h">
      <Filter>Source Files\Classes\Managers</Filter>
    </ClInclude>
    <ClInclude Include="C:\Users\Shalom\Documents\GitHub\coc\Classes\Managers\SocketClient.h">
      <Filter>Source Files\Classes\Managers</Filter>
    </ClInclude>
    <ClInclude Include="C:\Users\Shalom\Documents\GitHub\coc\Classes\Managers\StorageManager.h">
      <Filter>Source Files\Classes\Managers</Filter>
    </ClInclude>
    <ClInclude Include="C:\Users\Shalom\Documents\GitHub\coc\Classes\Managers\TownHallSystem.h">
      <Filter>Source Files\Classes\Managers</Filter>
    </ClInclude>
    <ClInclude Include="C:\Users\Shalom\Documents\GitHub\coc\Classes\Models\Hero.h">
      <Filter>Source Files\Classes\Models</Filter>
    </ClInclude>
    <ClInclude Include="C:\Users\Shalom\Documents\GitHub\coc\Classes\Models\Pathfinder.h">
      <Filter>Source Files\Classes\Models</Filter>
    </ClInclude>
    <ClInclude Include="C:\Users\Shalom\Documents\GitHub\coc\Classes\GridMap\GridMap.h">
      <Filter>Source Files\Classes\GridMap</Filter>
    </ClInclude>
    <ClInclude Include="C:\Users\Shalom\Documents\GitHub\coc\Classes\Buildings\ArmyBuilding.h">
      <Filter>Source Files\Classes\Buildings</Filter>
    </ClInclude>
    <ClInclude Include="C:\Users\Shalom\Documents\GitHub\coc\Classes\Buildings\BaseBuilding.h">
      <Filter>Source Files\Classes\Buildings</Filter>
    </ClInclude>
    <ClInclude Include="C:\Users\Shalom\Documents\GitHub\coc\Classes\Buildings\BuildingData.h">
      <Filter>Source Files\Classes\Buildings</Filter>
    </ClInclude>
    <ClInclude Include="C:\Users\Shalom\Documents\GitHub\coc\Classes\Buildings\BuildingUpgradeUI.h">
      <Filter>Source Files\Classes\Buildings</Filter>
    </ClInclude>
    <ClInclude Include="C:\Users\Shalom\Documents\GitHub\coc\Classes\Buildings\DefenseBuilding.h">
      <Filter>Source Files\Classes\Buildings</Filter>
    </ClInclude>
    <ClInclude Include="C:\Users\Shalom\Documents\GitHub\coc\Classes\Buildings\ResourceBuilding.h">
      <Filter>Source Files\Classes\Buildings</Filter>
    </ClInclude>
    <ClInclude Include="C:\Users\Shalom\Documents\GitHub\coc\Classes\Buildings\StorageBuilding.h">
      <Filter>Source Files\Classes\Buildings</Filter>
    </ClInclude>
    <ClInclude Include="C:\Users\Shalom\Documents\GitHub\coc\Classes\Buildings\TownHallBuilding.h">
      <Filter>Source Files\Classes\Buildings</Filter>
    </ClInclude>
    <ClInclude Include="C:\Users\Shalom\Documents\GitHub\coc\Classes\Unit\unit.h">
      <Filter>Source Files\Classes\Unit</Filter>
    </ClInclude>
    <ClInclude Include="C:\Users\Shalom\Documents\GitHub\coc\proj.win32\main.h">
      <Filter>Source Files\proj.win32</Filter>
    </ClInclude>
    <ClInclude Include="C:\Users\Shalom\Documents\GitHub\coc\proj.win32\resource.h">
      <Filter>Source Files\proj.win32</Filter>
    </ClInclude>
    <ClInclude Include="C:\Users\Shalom\Documents\GitHub\coc\Resources\Barracks.png">
      <Filter>Resources</Filter>
    </ClInclude>
    <ClInclude Include="C:\Users\Shalom\Documents\GitHub\coc\Resources\BaseCamp\town-hall-1.png">
      <Filter>Resources\BaseCamp</Filter>
    </ClInclude>
    <ClInclude Include="C:\Users\Shalom\Documents\GitHub\coc\Resources\BaseCamp\town-hall-10.png">
      <Filter>Resources\BaseCamp</Filter>
    </ClInclude>
    <ClInclude Include="C:\Users\Shalom\Documents\GitHub\coc\Resources\BaseCamp\town-hall-11.png">
      <Filter>Resources\BaseCamp</Filter>
    </ClInclude>
    <ClInclude Include="C:\Users\Shalom\Documents\GitHub\coc\Resources\BaseCamp\town-hall-12.png">
      <Filter>Resources\BaseCamp</Filter>
    </ClInclude>
    <ClInclude Include="C:\Users\Shalom\Documents\GitHub\coc\Resources\BaseCamp\town-hall-13.png">
      <Filter>Resources\BaseCamp</Filter>
    </ClInclude>
    <ClInclude Include="C:\Users\Shalom\Documents\GitHub\coc\Resources\BaseCamp\town-hall-14.png">
      <Filter>Resources\BaseCamp</Filter>
    </ClInclude>
    <ClInclude Include="C:\Users\Shalom\Documents\GitHub\coc\Resources\BaseCamp\town-hall-15.png">
      <Filter>Resources\BaseCamp</Filter>
    </ClInclude>
    <ClInclude Include="C:\Users\Shalom\Documents\GitHub\coc\Resources\BaseCamp\town-hall-16.png">
      <Filter>Resources\BaseCamp</Filter>
    </ClInclude>
    <ClInclude Include="C:\Users\Shalom\Documents\GitHub\coc\Resources\BaseCamp\town-hall-17.png">
      <Filter>Resources\BaseCamp</Filter>
    </ClInclude>
    <ClInclude Include="C:\Users\Shalom\Documents\GitHub\coc\Resources\BaseCamp\town-hall-2.png">
      <Filter>Resources\BaseCamp</Filter>
    </ClInclude>
    <ClInclude Include="C:\Users\Shalom\Documents\GitHub\coc\Resources\BaseCamp\town-hall-3.png">
      <Filter>Resources\BaseCamp</Filter>
    </ClInclude>
    <ClInclude Include="C:\Users\Shalom\Documents\GitHub\coc\Resources\BaseCamp\town-hall-4.png">
      <Filter>Resources\BaseCamp</Filter>
    </ClInclude>
    <ClInclude Include="C:\Users\Shalom\Documents\GitHub\coc\Resources\BaseCamp\town-hall-5.png">
      <Filter>Resources\BaseCamp</Filter>
    </ClInclude>
    <ClInclude Include="C:\Users\Shalom\Documents\GitHub\coc\Resources\BaseCamp\town-hall-6.png">
      <Filter>Resources\BaseCamp</Filter>
    </ClInclude>
    <ClInclude Include="C:\Users\Shalom\Documents\GitHub\coc\Resources\BaseCamp\town-hall-7.png">
      <Filter>Resources\BaseCamp</Filter>
    </ClInclude>
    <ClInclude Include="C:\Users\Shalom\Documents\GitHub\coc\Resources\BaseCamp\town-hall-8.png">
      <Filter>Resources\BaseCamp</Filter>
    </ClInclude>
    <ClInclude Include="C:\Users\Shalom\Documents\GitHub\coc\Resources\BaseCamp\town-hall-9.png">
      <Filter>Resources\BaseCamp</Filter>
    </ClInclude>
    <ClInclude Include="C:\Users\Shalom\Documents\GitHub\coc\Resources\Cannon.png">
      <Filter>Resources</Filter>
    </ClInclude>
    <ClInclude Include="C:\Users\Shalom\Documents\GitHub\coc\Resources\CloseNormal.png">
      <Filter>Resources</Filter>
    </ClInclude>
    <ClInclude Include="C:\Users\Shalom\Documents\GitHub\coc\Resources\CloseSelected.png">
      <Filter>Resources</Filter>
    </ClInclude>
    <ClInclude Include="C:\Users\Shalom\Documents\GitHub\coc\Resources\ElixirCollector.png">
      <Filter>Resources</Filter>
    </ClInclude>
    <ClInclude Include="C:\Users\Shalom\Documents\GitHub\coc\Resources\GoldMine.png">
      <Filter>Resources</Filter>
    </ClInclude>
    <ClInclude Include="C:\Users\Shalom\Documents\GitHub\coc\Resources\HelloWorld.png">
      <Filter>Resources</Filter>
    </ClInclude>
    <ClInclude Include="C:\Users\Shalom\Documents\GitHub\coc\Resources\Tower.png">
      <Filter>Resources</Filter>
    </ClInclude>
    <ClInclude Include="C:\Users\Shalom\Documents\GitHub\coc\Resources\audio\background\Battle_Going.mp3">
      <Filter>Resources\audio\background</Filter>
    </ClInclude>
    <ClInclude Include="C:\Users\Shalom\Documents\GitHub\coc\Resources\audio\background\Battle_Lose.mp3">
      <Filter>Resources\audio\background</Filter>
    </ClInclude>
    <ClInclude Include="C:\Users\Shalom\Documents\GitHub\coc\Resources\audio\background\Battle_Preparing.mp3">
      <Filter>Resources\audio\background</Filter>
    </ClInclude>
    <ClInclude Include="C:\Users\Shalom\Documents\GitHub\coc\Resources\audio\background\Battle_Win.mp3">
      <Filter>Resources\audio\background</Filter>
    </ClInclude>
    <ClInclude Include="C:\Users\Shalom\Documents\GitHub\coc\Resources\fonts\Marker Felt.ttf">
      <Filter>Resources\fonts</Filter>
    </ClInclude>
    <ClInclude Include="C:\Users\Shalom\Documents\GitHub\coc\Resources\fonts\arial.ttf">
      <Filter>Resources\fonts</Filter>
    </ClInclude>
    <ClInclude Include="C:\Users\Shalom\Documents\GitHub\coc\Resources\map\Map1.png">
      <Filter>Resources\map</Filter>
    </ClInclude>
    <ClInclude Include="C:\Users\Shalom\Documents\GitHub\coc\Resources\map\Map2.png">
      <Filter>Resources\map</Filter>
    </ClInclude>
    <ClInclude Include="C:\Users\Shalom\Documents\GitHub\coc\Resources\map\Map3.png">
      <Filter>Resources\map</Filter>
    </ClInclude>
    <ClInclude Include="C:\Users\Shalom\Documents\GitHub\coc\Resources\res\.gitkeep">
      <Filter>Resources\res</Filter>
    </ClInclude>
    <ClInclude Include="C:\Users\Shalom\Documents\GitHub\coc\Resources\town-hall-8.png">
      <Filter>Resources</Filter>
    </ClInclude>
    <ClInclude Include="C:\Users\Shalom\Documents\GitHub\coc\Resources\town-hall-9.png">
      <Filter>Resources</Filter>
    </ClInclude>
    <ClInclude Include="C:\Users\Shalom\Documents\GitHub\coc\Resources\units\archer\Thumbs.db">
      <Filter>Resources\units\archer</Filter>
    </ClInclude>
    <ClInclude Include="C:\Users\Shalom\Documents\GitHub\coc\Resources\units\archer\archer.plist">
      <Filter>Resources\units\archer</Filter>
    </ClInclude>
    <ClInclude Include="C:\Users\Shalom\Documents\GitHub\coc\Resources\units\archer\archer.png">
      <Filter>Resources\units\archer</Filter>
    </ClInclude>
    <ClInclude Include="C:\Users\Shalom\Documents\GitHub\coc\Resources\units\archer\archer.tps">
      <Filter>Resources\units\archer</Filter>
    </ClInclude>
    <ClInclude Include="C:\Users\Shalom\Documents\GitHub\coc\Resources\units\archer\archer\Export\archer\archer.ExportJson">
      <Filter>Resources\units\archer\archer\Export\archer</Filter>
    </ClInclude>
    <ClInclude Include="C:\Users\Shalom\Documents\GitHub\coc\Resources\units\archer\archer\Export\archer\archer.plist">
      <Filter>Resources\units\archer\archer\Export\archer</Filter>
    </ClInclude>
    <ClInclude Include="C:\Users\Shalom\Documents\GitHub\coc\Resources\units\archer\archer\Export\archer\archer.png">
      <Filter>Resources\units\archer\archer\Export\archer</Filter>
    </ClInclude>
    <ClInclude Include="C:\Users\Shalom\Documents\GitHub\coc\Resources\units\archer\archer\Resources\Thumbs.db">
      <Filter>Resources\units\archer\archer\Resources</Filter>
    </ClInclude>
    <ClInclude Include="C:\Users\Shalom\Documents\GitHub\coc\Resources\units\archer\archer\Resources\archer.plist">
      <Filter>Resources\units\archer\archer\Resources</Filter>
    </ClInclude>
    <ClInclude Include="C:\Users\Shalom\Documents\GitHub\coc\Resources\units\archer\archer\Resources\archer.png">
      <Filter>Resources\units\archer\archer\Resources</Filter>
    </ClInclude>
    <ClInclude Include="C:\Users\Shalom\Documents\GitHub\coc\Resources\units\archer\archer\Resources\archer_PList.Dir\archer1.0.png">
      <Filter>Resources\units\archer\archer\Resources\archer_PList.Dir</Filter>
    </ClInclude>
    <ClInclude Include="C:\Users\Shalom\Documents\GitHub\coc\Resources\units\archer\archer\Resources\archer_PList.Dir\archer10.0.png">
      <Filter>Resources\units\archer\archer\Resources\archer_PList.Dir</Filter>
    </ClInclude>
    <ClInclude Include="C:\Users\Shalom\Documents\GitHub\coc\Resources\units\archer\archer\Resources\archer_PList.Dir\archer11.0.png">
      <Filter>Resources\units\archer\archer\Resources\archer_PList.Dir</Filter>
    </ClInclude>
    <ClInclude Include="C:\Users\Shalom\Documents\GitHub\coc\Resources\units\archer\archer\Resources\archer_PList.Dir\archer12.0.png">
      <Filter>Resources\units\archer\archer\Resources\archer_PList.Dir</Filter>
    </ClInclude>
    <ClInclude Include="C:\Users\Shalom\Documents\GitHub\coc\Resources\units\archer\archer\Resources\archer_PList.Dir\archer13.0.png">
      <Filter>Resources\units\archer\archer\Resources\archer_PList.Dir</Filter>
    </ClInclude>
    <ClInclude Include="C:\Users\Shalom\Documents\GitHub\coc\Resources\units\archer\archer\Resources\archer_PList.Dir\archer14.0.png">
      <Filter>Resources\units\archer\archer\Resources\archer_PList.Dir</Filter>
    </ClInclude>
    <ClInclude Include="C:\Users\Shalom\Documents\GitHub\coc\Resources\units\archer\archer\Resources\archer_PList.Dir\archer15.0.png">
      <Filter>Resources\units\archer\archer\Resources\archer_PList.Dir</Filter>
    </ClInclude>
    <ClInclude Include="C:\Users\Shalom\Documents\GitHub\coc\Resources\units\archer\archer\Resources\archer_PList.Dir\archer16.0.png">
      <Filter>Resources\units\archer\archer\Resources\archer_PList.Dir</Filter>
    </ClInclude>
    <ClInclude Include="C:\Users\Shalom\Documents\GitHub\coc\Resources\units\archer\archer\Resources\archer_PList.Dir\archer17.0.png">
      <Filter>Resources\units\archer\archer\Resources\archer_PList.Dir</Filter>
    </ClInclude>
    <ClInclude Include="C:\Users\Shalom\Documents\GitHub\coc\Resources\units\archer\archer\Resources\archer_PList.Dir\archer18.0.png">
      <Filter>Resources\units\archer\archer\Resources\archer_PList.Dir</Filter>
    </ClInclude>
    <ClInclude Include="C:\Users\Shalom\Documents\GitHub\coc\Resources\units\archer\archer\Resources\archer_PList.Dir\archer19.0.png">
      <Filter>Resources\units\archer\archer\Resources\archer_PList.Dir</Filter>
    </ClInclude>
    <ClInclude Include="C:\Users\Shalom\Documents\GitHub\coc\Resources\units\archer\archer\Resources\archer_PList.Dir\archer2.0.png">
      <Filter>Resources\units\archer\archer\Resources\archer_PList.Dir</Filter>
    </ClInclude>
    <ClInclude Include="C:\Users\Shalom\Documents\GitHub\coc\Resources\units\archer\archer\Resources\archer_PList.Dir\archer20.0.png">
      <Filter>Resources\units\archer\archer\Resources\archer_PList.Dir</Filter>
    </ClInclude>
    <ClInclude Include="C:\Users\Shalom\Documents\GitHub\coc\Resources\units\archer\archer\Resources\archer_PList.Dir\archer21.0.png">
      <Filter>Resources\units\archer\archer\Resources\archer_PList.Dir</Filter>
    </ClInclude>
    <ClInclude Include="C:\Users\Shalom\Documents\GitHub\coc\Resources\units\archer\archer\Resources\archer_PList.Dir\archer22.0.png">
      <Filter>Resources\units\archer\archer\Resources\archer_PList.Dir</Filter>
    </ClInclude>
    <ClInclude Include="C:\Users\Shalom\Documents\GitHub\coc\Resources\units\archer\archer\Resources\archer_PList.Dir\archer23.0.png">
      <Filter>Resources\units\archer\archer\Resources\archer_PList.Dir</Filter>
    </ClInclude>
    <ClInclude Include="C:\Users\Shalom\Documents\GitHub\coc\Resources\units\archer\archer\Resources\archer_PList.Dir\archer24.0.png">
      <Filter>Resources\units\archer\archer\Resources\archer_PList.Dir</Filter>
    </ClInclude>
    <ClInclude Include="C:\Users\Shalom\Documents\GitHub\coc\Resources\units\archer\archer\Resources\archer_PList.Dir\archer25.0.png">
      <Filter>Resources\units\archer\archer\Resources\archer_PList.Dir</Filter>
    </ClInclude>
    <ClInclude Include="C:\Users\Shalom\Documents\GitHub\coc\Resources\units\archer\archer\Resources\archer_PList.Dir\archer26.0.png">
      <Filter>Resources\units\archer\archer\Resources\archer_PList.Dir</Filter>
    </ClInclude>
    <ClInclude Include="C:\Users\Shalom\Documents\GitHub\coc\Resources\units\archer\archer\Resources\archer_PList.Dir\archer27.0.png">
      <Filter>Resources\units\archer\archer\Resources\archer_PList.Dir</Filter>
    </ClInclude>
    <ClInclude Include="C:\Users\Shalom\Documents\GitHub\coc\Resources\units\archer\archer\Resources\archer_PList.Dir\archer28.0.png">
      <Filter>Resources\units\archer\archer\Resources\archer_PList.Dir</Filter>
    </ClInclude>
    <ClInclude Include="C:\Users\Shalom\Documents\GitHub\coc\Resources\units\archer\archer\Resources\archer_PList.Dir\archer29.0.png">
      <Filter>Resources\units\archer\archer\Resources\archer_PList.Dir</Filter>
    </ClInclude>
    <ClInclude Include="C:\Users\Shalom\Documents\GitHub\coc\Resources\units\archer\archer\Resources\archer_PList.Dir\archer3.0.png">
      <Filter>Resources\units\archer\archer\Resources\archer_PList.Dir</Filter>
    </ClInclude>
    <ClInclude Include="C:\Users\Shalom\Documents\GitHub\coc\Resources\units\archer\archer\Resources\archer_PList.Dir\archer30.0.png">
      <Filter>Resources\units\archer\archer\Resources\archer_PList.Dir</Filter>
    </ClInclude>
    <ClInclude Include="C:\Users\Shalom\Documents\GitHub\coc\Resources\units\archer\archer\Resources\archer_PList.Dir\archer31.0.png">
      <Filter>Resources\units\archer\archer\Resources\archer_PList.Dir</Filter>
    </ClInclude>
    <ClInclude Include="C:\Users\Shalom\Documents\GitHub\coc\Resources\units\archer\archer\Resources\archer_PList.Dir\archer32.0.png">
      <Filter>Resources\units\archer\archer\Resources\archer_PList.Dir</Filter>
    </ClInclude>
    <ClInclude Include="C:\Users\Shalom\Documents\GitHub\coc\Resources\units\archer\archer\Resources\archer_PList.Dir\archer33.0.png">
      <Filter>Resources\units\archer\archer\Resources\archer_PList.Dir</Filter>
    </ClInclude>
    <ClInclude Include="C:\Users\Shalom\Documents\GitHub\coc\Resources\units\archer\archer\Resources\archer_PList.Dir\archer34.0.png">
      <Filter>Resources\units\archer\archer\Resources\archer_PList.Dir</Filter>
    </ClInclude>
    <ClInclude Include="C:\Users\Shalom\Documents\GitHub\coc\Resources\units\archer\archer\Resources\archer_PList.Dir\archer35.0.png">
      <Filter>Resources\units\archer\archer\Resources\archer_PList.Dir</Filter>
    </ClInclude>
    <ClInclude Include="C:\Users\Shalom\Documents\GitHub\coc\Resources\units\archer\archer\Resources\archer_PList.Dir\archer36.0.png">
      <Filter>Resources\units\archer\archer\Resources\archer_PList.Dir</Filter>
    </ClInclude>
    <ClInclude Include="C:\Users\Shalom\Documents\GitHub\coc\Resources\units\archer\archer\Resources\archer_PList.Dir\archer37.0.png">
      <Filter>Resources\units\archer\archer\Resources\archer_PList.Dir</Filter>
    </ClInclude>
    <ClInclude Include="C:\Users\Shalom\Documents\GitHub\coc\Resources\units\archer\archer\Resources\archer_PList.Dir\archer38.0.png">
      <Filter>Resources\units\archer\archer\Resources\archer_PList.Dir</Filter>
    </ClInclude>
    <ClInclude Include="C:\Users\Shalom\Documents\GitHub\coc\Resources\units\archer\archer\Resources\archer_PList.Dir\archer39.0.png">
      <Filter>Resources\units\archer\archer\Resources\archer_PList.Dir</Filter>
    </ClInclude>
    <ClInclude Include="C:\Users\Shalom\Documents\GitHub\coc\Resources\units\archer\archer\Resources\archer_PList.Dir\archer4.0.png">
      <Filter>Resources\units\archer\archer\Resources\archer_PList.Dir</Filter>
    </ClInclude>
    <ClInclude Include="C:\Users\Shalom\Documents\GitHub\coc\Resources\units\archer\archer\Resources\archer_PList.Dir\archer40.0.png">
      <Filter>Resources\units\archer\archer\Resources\archer_PList.Dir</Filter>
    </ClInclude>
    <ClInclude Include="C:\Users\Shalom\Documents\GitHub\coc\Resources\units\archer\archer\Resources\archer_PList.Dir\archer41.0.png">
      <Filter>Resources\units\archer\archer\Resources\archer_PList.Dir</Filter>
    </ClInclude>
    <ClInclude Include="C:\Users\Shalom\Documents\GitHub\coc\Resources\units\archer\archer\Resources\archer_PList.Dir\archer42.0.png">
      <Filter>Resources\units\archer\archer\Resources\archer_PList.Dir</Filter>
    </ClInclude>
    <ClInclude Include="C:\Users\Shalom\Documents\GitHub\coc\Resources\units\archer\archer\Resources\archer_PList.Dir\archer43.0.png">
      <Filter>Resources\units\archer\archer\Resources\archer_PList.Dir</Filter>
    </ClInclude>
    <ClInclude Include="C:\Users\Shalom\Documents\GitHub\coc\Resources\units\archer\archer\Resources\archer_PList.Dir\archer44.0.png">
      <Filter>Resources\units\archer\archer\Resources\archer_PList.Dir</Filter>
    </ClInclude>
    <ClInclude Include="C:\Users\Shalom\Documents\GitHub\coc\Resources\units\archer\archer\Resources\archer_PList.Dir\archer45.0.png">
      <Filter>Resources\units\archer\archer\Resources\archer_PList.Dir</Filter>
    </ClInclude>
    <ClInclude Include="C:\Users\Shalom\Documents\GitHub\coc\Resources\units\archer\archer\Resources\archer_PList.Dir\archer46.0.png">
      <Filter>Resources\units\archer\archer\Resources\archer_PList.Dir</Filter>
    </ClInclude>
    <ClInclude Include="C:\Users\Shalom\Documents\GitHub\coc\Resources\units\archer\archer\Resources\archer_PList.Dir\archer47.0.png">
      <Filter>Resources\units\archer\archer\Resources\archer_PList.Dir</Filter>
    </ClInclude>
    <ClInclude Include="C:\Users\Shalom\Documents\GitHub\coc\Resources\units\archer\archer\Resources\archer_PList.Dir\archer48.0.png">
      <Filter>Resources\units\archer\archer\Resources\archer_PList.Dir</Filter>
    </ClInclude>
    <ClInclude Include="C:\Users\Shalom\Documents\GitHub\coc\Resources\units\archer\archer\Resources\archer_PList.Dir\archer49.0.png">
      <Filter>Resources\units\archer\archer\Resources\archer_PList.Dir</Filter>
    </ClInclude>
    <ClInclude Include="C:\Users\Shalom\Documents\GitHub\coc\Resources\units\archer\archer\Resources\archer_PList.Dir\archer5.0.png">
      <Filter>Resources\units\archer\archer\Resources\archer_PList.Dir</Filter>
    </ClInclude>
    <ClInclude Include="C:\Users\Shalom\Documents\GitHub\coc\Resources\units\archer\archer\Resources\archer_PList.Dir\archer50.0.png">
      <Filter>Resources\units\archer\archer\Resources\archer_PList.Dir</Filter>
    </ClInclude>
    <ClInclude Include="C:\Users\Shalom\Documents\GitHub\coc\Resources\units\archer\archer\Resources\archer_PList.Dir\archer51.0.png">
      <Filter>Resources\units\archer\archer\Resources\archer_PList.Dir</Filter>
    </ClInclude>
    <ClInclude Include="C:\Users\Shalom\Documents\GitHub\coc\Resources\units\archer\archer\Resources\archer_PList.Dir\archer52.0.png">
      <Filter>Resources\units\archer\archer\Resources\archer_PList.Dir</Filter>
    </ClInclude>
    <ClInclude Include="C:\Users\Shalom\Documents\GitHub\coc\Resources\units\archer\archer\Resources\archer_PList.Dir\archer53.0.png">
      <Filter>Resources\units\archer\archer\Resources\archer_PList.Dir</Filter>
    </ClInclude>
    <ClInclude Include="C:\Users\Shalom\Documents\GitHub\coc\Resources\units\archer\archer\Resources\archer_PList.Dir\archer54.0.png">
      <Filter>Resources\units\archer\archer\Resources\archer_PList.Dir</Filter>
    </ClInclude>
    <ClInclude Include="C:\Users\Shalom\Documents\GitHub\coc\Resources\units\archer\archer\Resources\archer_PList.Dir\archer6.0.png">
      <Filter>Resources\units\archer\archer\Resources\archer_PList.Dir</Filter>
    </ClInclude>
    <ClInclude Include="C:\Users\Shalom\Documents\GitHub\coc\Resources\units\archer\archer\Resources\archer_PList.Dir\archer7.0.png">
      <Filter>Resources\units\archer\archer\Resources\archer_PList.Dir</Filter>
    </ClInclude>
    <ClInclude Include="C:\Users\Shalom\Documents\GitHub\coc\Resources\units\archer\archer\Resources\archer_PList.Dir\archer8.0.png">
      <Filter>Resources\units\archer\archer\Resources\archer_PList.Dir</Filter>
    </ClInclude>
    <ClInclude Include="C:\Users\Shalom\Documents\GitHub\coc\Resources\units\archer\archer\Resources\archer_PList.Dir\archer9.0.png">
      <Filter>Resources\units\archer\archer\Resources\archer_PList.Dir</Filter>
    </ClInclude>
    <ClInclude Include="C:\Users\Shalom\Documents\GitHub\coc\Resources\units\archer\archer\Ruler\archer.xml">
      <Filter>Resources\units\archer\archer\Ruler</Filter>
    </ClInclude>
    <ClInclude Include="C:\Users\Shalom\Documents\GitHub\coc\Resources\units\archer\archer\archer.xml.animation">
      <Filter>Resources\units\archer\archer</Filter>
    </ClInclude>
    <ClInclude Include="C:\Users\Shalom\Documents\GitHub\coc\Resources\units\archer\archer0.0.png">
      <Filter>Resources\units\archer</Filter>
    </ClInclude>
    <ClInclude Include="C:\Users\Shalom\Documents\GitHub\coc\Resources\units\archer\archer1.0.png">
      <Filter>Resources\units\archer</Filter>
    </ClInclude>
    <ClInclude Include="C:\Users\Shalom\Documents\GitHub\coc\Resources\units\archer\archer10.0.png">
      <Filter>Resources\units\archer</Filter>
    </ClInclude>
    <ClInclude Include="C:\Users\Shalom\Documents\GitHub\coc\Resources\units\archer\archer11.0.png">
      <Filter>Resources\units\archer</Filter>
    </ClInclude>
    <ClInclude Include="C:\Users\Shalom\Documents\GitHub\coc\Resources\units\archer\archer12.0.png">
      <Filter>Resources\units\archer</Filter>
    </ClInclude>
    <ClInclude Include="C:\Users\Shalom\Documents\GitHub\coc\Resources\units\archer\archer13.0.png">
      <Filter>Resources\units\archer</Filter>
    </ClInclude>
    <ClInclude Include="C:\Users\Shalom\Documents\GitHub\coc\Resources\units\archer\archer14.0.png">
      <Filter>Resources\units\archer</Filter>
    </ClInclude>
    <ClInclude Include="C:\Users\Shalom\Documents\GitHub\coc\Resources\units\archer\archer15.0.png">
      <Filter>Resources\units\archer</Filter>
    </ClInclude>
    <ClInclude Include="C:\Users\Shalom\Documents\GitHub\coc\Resources\units\archer\archer16.0.png">
      <Filter>Resources\units\archer</Filter>
    </ClInclude>
    <ClInclude Include="C:\Users\Shalom\Documents\GitHub\coc\Resources\units\archer\archer17.0.png">
      <Filter>Resources\units\archer</Filter>
    </ClInclude>
    <ClInclude Include="C:\Users\Shalom\Documents\GitHub\coc\Resources\units\archer\archer18.0.png">
      <Filter>Resources\units\archer</Filter>
    </ClInclude>
    <ClInclude Include="C:\Users\Shalom\Documents\GitHub\coc\Resources\units\archer\archer19.0.png">
      <Filter>Resources\units\archer</Filter>
    </ClInclude>
    <ClInclude Include="C:\Users\Shalom\Documents\GitHub\coc\Resources\units\archer\archer2.0.png">
      <Filter>Resources\units\archer</Filter>
    </ClInclude>
    <ClInclude Include="C:\Users\Shalom\Documents\GitHub\coc\Resources\units\archer\archer20.0.png">
      <Filter>Resources\units\archer</Filter>
    </ClInclude>
    <ClInclude Include="C:\Users\Shalom\Documents\GitHub\coc\Resources\units\archer\archer21.0.png">
      <Filter>Resources\units\archer</Filter>
    </ClInclude>
    <ClInclude Include="C:\Users\Shalom\Documents\GitHub\coc\Resources\units\archer\archer22.0.png">
      <Filter>Resources\units\archer</Filter>
    </ClInclude>
    <ClInclude Include="C:\Users\Shalom\Documents\GitHub\coc\Resources\units\archer\archer23.0.png">
      <Filter>Resources\units\archer</Filter>
    </ClInclude>
    <ClInclude Include="C:\Users\Shalom\Documents\GitHub\coc\Resources\units\archer\archer24.0.png">
      <Filter>Resources\units\archer</Filter>
    </ClInclude>
    <ClInclude Include="C:\Users\Shalom\Documents\GitHub\coc\Resources\units\archer\archer25.0.png">
      <Filter>Resources\units\archer</Filter>
    </ClInclude>
    <ClInclude Include="C:\Users\Shalom\Documents\GitHub\coc\Resources\units\archer\archer26.0.png">
      <Filter>Resources\units\archer</Filter>
    </ClInclude>
    <ClInclude Include="C:\Users\Shalom\Documents\GitHub\coc\Resources\units\archer\archer27.0.png">
      <Filter>Resources\units\archer</Filter>
    </ClInclude>
    <ClInclude Include="C:\Users\Shalom\Documents\GitHub\coc\Resources\units\archer\archer28.0.png">
      <Filter>Resources\units\archer</Filter>
    </ClInclude>
    <ClInclude Include="C:\Users\Shalom\Documents\GitHub\coc\Resources\units\archer\archer29.0.png">
      <Filter>Resources\units\archer</Filter>
    </ClInclude>
    <ClInclude Include="C:\Users\Shalom\Documents\GitHub\coc\Resources\units\archer\archer3.0.png">
      <Filter>Resources\units\archer</Filter>
    </ClInclude>
    <ClInclude Include="C:\Users\Shalom\Documents\GitHub\coc\Resources\units\archer\archer30.0.png">
      <Filter>Resources\units\archer</Filter>
    </ClInclude>
    <ClInclude Include="C:\Users\Shalom\Documents\GitHub\coc\Resources\units\archer\archer31.0.png">
      <Filter>Resources\units\archer</Filter>
    </ClInclude>
    <ClInclude Include="C:\Users\Shalom\Documents\GitHub\coc\Resources\units\archer\archer32.0.png">
      <Filter>Resources\units\archer</Filter>
    </ClInclude>
    <ClInclude Include="C:\Users\Shalom\Documents\GitHub\coc\Resources\units\archer\archer33.0.png">
      <Filter>Resources\units\archer</Filter>
    </ClInclude>
    <ClInclude Include="C:\Users\Shalom\Documents\GitHub\coc\Resources\units\archer\archer34.0.png">
      <Filter>Resources\units\archer</Filter>
    </ClInclude>
    <ClInclude Include="C:\Users\Shalom\Documents\GitHub\coc\Resources\units\archer\archer35.0.png">
      <Filter>Resources\units\archer</Filter>
    </ClInclude>
    <ClInclude Include="C:\Users\Shalom\Documents\GitHub\coc\Resources\units\archer\archer36.0.png">
      <Filter>Resources\units\archer</Filter>
    </ClInclude>
    <ClInclude Include="C:\Users\Shalom\Documents\GitHub\coc\Resources\units\archer\archer37.0.png">
      <Filter>Resources\units\archer</Filter>
    </ClInclude>
    <ClInclude Include="C:\Users\Shalom\Documents\GitHub\coc\Resources\units\archer\archer38.0.png">
      <Filter>Resources\units\archer</Filter>
    </ClInclude>
    <ClInclude Include="C:\Users\Shalom\Documents\GitHub\coc\Resources\units\archer\archer39.0.png">
      <Filter>Resources\units\archer</Filter>
    </ClInclude>
    <ClInclude Include="C:\Users\Shalom\Documents\GitHub\coc\Resources\units\archer\archer4.0.png">
      <Filter>Resources\units\archer</Filter>
    </ClInclude>
    <ClInclude Include="C:\Users\Shalom\Documents\GitHub\coc\Resources\units\archer\archer40.0.png">
      <Filter>Resources\units\archer</Filter>
    </ClInclude>
    <ClInclude Include="C:\Users\Shalom\Documents\GitHub\coc\Resources\units\archer\archer41.0.png">
      <Filter>Resources\units\archer</Filter>
    </ClInclude>
    <ClInclude Include="C:\Users\Shalom\Documents\GitHub\coc\Resources\units\archer\archer42.0.png">
      <Filter>Resources\units\archer</Filter>
    </ClInclude>
    <ClInclude Include="C:\Users\Shalom\Documents\GitHub\coc\Resources\units\archer\archer43.0.png">
      <Filter>Resources\units\archer</Filter>
    </ClInclude>
    <ClInclude Include="C:\Users\Shalom\Documents\GitHub\coc\Resources\units\archer\archer44.0.png">
      <Filter>Resources\units\archer</Filter>
    </ClInclude>
    <ClInclude Include="C:\Users\Shalom\Documents\GitHub\coc\Resources\units\archer\archer45.0.png">
      <Filter>Resources\units\archer</Filter>
    </ClInclude>
    <ClInclude Include="C:\Users\Shalom\Documents\GitHub\coc\Resources\units\archer\archer46.0.png">
      <Filter>Resources\units\archer</Filter>
    </ClInclude>
    <ClInclude Include="C:\Users\Shalom\Documents\GitHub\coc\Resources\units\archer\archer47.0.png">
      <Filter>Resources\units\archer</Filter>
    </ClInclude>
    <ClInclude Include="C:\Users\Shalom\Documents\GitHub\coc\Resources\units\archer\archer48.0.png">
      <Filter>Resources\units\archer</Filter>
    </ClInclude>
    <ClInclude Include="C:\Users\Shalom\Documents\GitHub\coc\Resources\units\archer\archer49.0.png">
      <Filter>Resources\units\archer</Filter>
    </ClInclude>
    <ClInclude Include="C:\Users\Shalom\Documents\GitHub\coc\Resources\units\archer\archer5.0.png">
      <Filter>Resources\units\archer</Filter>
    </ClInclude>
    <ClInclude Include="C:\Users\Shalom\Documents\GitHub\coc\Resources\units\archer\archer50.0.png">
      <Filter>Resources\units\archer</Filter>
    </ClInclude>
    <ClInclude Include="C:\Users\Shalom\Documents\GitHub\coc\Resources\units\archer\archer51.0.png">
      <Filter>Resources\units\archer</Filter>
    </ClInclude>
    <ClInclude Include="C:\Users\Shalom\Documents\GitHub\coc\Resources\units\archer\archer52.0.png">
      <Filter>Resources\units\archer</Filter>
    </ClInclude>
    <ClInclude Include="C:\Users\Shalom\Documents\GitHub\coc\Resources\units\archer\archer53.0.png">
      <Filter>Resources\units\archer</Filter>
    </ClInclude>
    <ClInclude Include="C:\Users\Shalom\Documents\GitHub\coc\Resources\units\archer\archer54.0.png">
      <Filter>Resources\units\archer</Filter>
    </ClInclude>
    <ClInclude Include="C:\Users\Shalom\Documents\GitHub\coc\Resources\units\archer\archer6.0.png">
      <Filter>Resources\units\archer</Filter>
    </ClInclude>
    <ClInclude Include="C:\Users\Shalom\Documents\GitHub\coc\Resources\units\archer\archer7.0.png">
      <Filter>Resources\units\archer</Filter>
    </ClInclude>
    <ClInclude Include="C:\Users\Shalom\Documents\GitHub\coc\Resources\units\archer\archer8.0.png">
      <Filter>Resources\units\archer</Filter>
    </ClInclude>
    <ClInclude Include="C:\Users\Shalom\Documents\GitHub\coc\Resources\units\archer\archer9.0.png">
      <Filter>Resources\units\archer</Filter>
    </ClInclude>
    <ClInclude Include="C:\Users\Shalom\Documents\GitHub\coc\Resources\units\archer\shadow.png">
      <Filter>Resources\units\archer</Filter>
    </ClInclude>
    <ClInclude Include="C:\Users\Shalom\Documents\GitHub\coc\Resources\units\barbarian\Thumbs.db">
      <Filter>Resources\units\barbarian</Filter>
    </ClInclude>
    <ClInclude Include="C:\Users\Shalom\Documents\GitHub\coc\Resources\units\barbarian\barbarian.plist">
      <Filter>Resources\units\barbarian</Filter>
    </ClInclude>
    <ClInclude Include="C:\Users\Shalom\Documents\GitHub\coc\Resources\units\barbarian\barbarian.png">
      <Filter>Resources\units\barbarian</Filter>
    </ClInclude>
    <ClInclude Include="C:\Users\Shalom\Documents\GitHub\coc\Resources\units\barbarian\barbarian1.0.png">
      <Filter>Resources\units\barbarian</Filter>
    </ClInclude>
    <ClInclude Include="C:\Users\Shalom\Documents\GitHub\coc\Resources\units\barbarian\barbarian10.0.png">
      <Filter>Resources\units\barbarian</Filter>
    </ClInclude>
    <ClInclude Include="C:\Users\Shalom\Documents\GitHub\coc\Resources\units\barbarian\barbarian100.0.png">
      <Filter>Resources\units\barbarian</Filter>
    </ClInclude>
    <ClInclude Include="C:\Users\Shalom\Documents\GitHub\coc\Resources\units\barbarian\barbarian101.0.png">
      <Filter>Resources\units\barbarian</Filter>
    </ClInclude>
    <ClInclude Include="C:\Users\Shalom\Documents\GitHub\coc\Resources\units\barbarian\barbarian102.0.png">
      <Filter>Resources\units\barbarian</Filter>
    </ClInclude>
    <ClInclude Include="C:\Users\Shalom\Documents\GitHub\coc\Resources\units\barbarian\barbarian103.0.png">
      <Filter>Resources\units\barbarian</Filter>
    </ClInclude>
    <ClInclude Include="C:\Users\Shalom\Documents\GitHub\coc\Resources\units\barbarian\barbarian104.0.png">
      <Filter>Resources\units\barbarian</Filter>
    </ClInclude>
    <ClInclude Include="C:\Users\Shalom\Documents\GitHub\coc\Resources\units\barbarian\barbarian105.0.png">
      <Filter>Resources\units\barbarian</Filter>
    </ClInclude>
    <ClInclude Include="C:\Users\Shalom\Documents\GitHub\coc\Resources\units\barbarian\barbarian106.0.png">
      <Filter>Resources\units\barbarian</Filter>
    </ClInclude>
    <ClInclude Include="C:\Users\Shalom\Documents\GitHub\coc\Resources\units\barbarian\barbarian107.0.png">
      <Filter>Resources\units\barbarian</Filter>
    </ClInclude>
    <ClInclude Include="C:\Users\Shalom\Documents\GitHub\coc\Resources\units\barbarian\barbarian108.0.png">
      <Filter>Resources\units\barbarian</Filter>
    </ClInclude>
    <ClInclude Include="C:\Users\Shalom\Documents\GitHub\coc\Resources\units\barbarian\barbarian109.0.png">
      <Filter>Resources\units\barbarian</Filter>
    </ClInclude>
    <ClInclude Include="C:\Users\Shalom\Documents\GitHub\coc\Resources\units\barbarian\barbarian11.0.png">
      <Filter>Resources\units\barbarian</Filter>
    </ClInclude>
    <ClInclude Include="C:\Users\Shalom\Documents\GitHub\coc\Resources\units\barbarian\barbarian110.0.png">
      <Filter>Resources\units\barbarian</Filter>
    </ClInclude>
    <ClInclude Include="C:\Users\Shalom\Documents\GitHub\coc\Resources\units\barbarian\barbarian111.0.png">
      <Filter>Resources\units\barbarian</Filter>
    </ClInclude>
    <ClInclude Include="C:\Users\Shalom\Documents\GitHub\coc\Resources\units\barbarian\barbarian112.0.png">
      <Filter>Resources\units\barbarian</Filter>
    </ClInclude>
    <ClInclude Include="C:\Users\Shalom\Documents\GitHub\coc\Resources\units\barbarian\barbarian113.0.png">
      <Filter>Resources\units\barbarian</Filter>
    </ClInclude>
    <ClInclude Include="C:\Users\Shalom\Documents\GitHub\coc\Resources\units\barbarian\barbarian114.0.png">
      <Filter>Resources\units\barbarian</Filter>
    </ClInclude>
    <ClInclude Include="C:\Users\Shalom\Documents\GitHub\coc\Resources\units\barbarian\barbarian115.0.png">
      <Filter>Resources\units\barbarian</Filter>
    </ClInclude>
    <ClInclude Include="C:\Users\Shalom\Documents\GitHub\coc\Resources\units\barbarian\barbarian116.0.png">
      <Filter>Resources\units\barbarian</Filter>
    </ClInclude>
    <ClInclude Include="C:\Users\Shalom\Documents\GitHub\coc\Resources\units\barbarian\barbarian117.0.png">
      <Filter>Resources\units\barbarian</Filter>
    </ClInclude>
    <ClInclude Include="C:\Users\Shalom\Documents\GitHub\coc\Resources\units\barbarian\barbarian118.0.png">
      <Filter>Resources\units\barbarian</Filter>
    </ClInclude>
    <ClInclude Include="C:\Users\Shalom\Documents\GitHub\coc\Resources\units\barbarian\barbarian119.0.png">
      <Filter>Resources\units\barbarian</Filter>
    </ClInclude>
    <ClInclude Include="C:\Users\Shalom\Documents\GitHub\coc\Resources\units\barbarian\barbarian12.0.png">
      <Filter>Resources\units\barbarian</Filter>
    </ClInclude>
    <ClInclude Include="C:\Users\Shalom\Documents\GitHub\coc\Resources\units\barbarian\barbarian120.0.png">
      <Filter>Resources\units\barbarian</Filter>
    </ClInclude>
    <ClInclude Include="C:\Users\Shalom\Documents\GitHub\coc\Resources\units\barbarian\barbarian121.0.png">
      <Filter>Resources\units\barbarian</Filter>
    </ClInclude>
    <ClInclude Include="C:\Users\Shalom\Documents\GitHub\coc\Resources\units\barbarian\barbarian122.0.png">
      <Filter>Resources\units\barbarian</Filter>
    </ClInclude>
    <ClInclude Include="C:\Users\Shalom\Documents\GitHub\coc\Resources\units\barbarian\barbarian123.0.png">
      <Filter>Resources\units\barbarian</Filter>
    </ClInclude>
    <ClInclude Include="C:\Users\Shalom\Documents\GitHub\coc\Resources\units\barbarian\barbarian124.0.png">
      <Filter>Resources\units\barbarian</Filter>
    </ClInclude>
    <ClInclude Include="C:\Users\Shalom\Documents\GitHub\coc\Resources\units\barbarian\barbarian125.0.png">
      <Filter>Resources\units\barbarian</Filter>
    </ClInclude>
    <ClInclude Include="C:\Users\Shalom\Documents\GitHub\coc\Resources\units\barbarian\barbarian126.0.png">
      <Filter>Resources\units\barbarian</Filter>
    </ClInclude>
    <ClInclude Include="C:\Users\Shalom\Documents\GitHub\coc\Resources\units\barbarian\barbarian127.0.png">
      <Filter>Resources\units\barbarian</Filter>
    </ClInclude>
    <ClInclude Include="C:\Users\Shalom\Documents\GitHub\coc\Resources\units\barbarian\barbarian128.0.png">
      <Filter>Resources\units\barbarian</Filter>
    </ClInclude>
    <ClInclude Include="C:\Users\Shalom\Documents\GitHub\coc\Resources\units\barbarian\barbarian129.0.png">
      <Filter>Resources\units\barbarian</Filter>
    </ClInclude>
    <ClInclude Include="C:\Users\Shalom\Documents\GitHub\coc\Resources\units\barbarian\barbarian13.0.png">
      <Filter>Resources\units\barbarian</Filter>
    </ClInclude>
    <ClInclude Include="C:\Users\Shalom\Documents\GitHub\coc\Resources\units\barbarian\barbarian130.0.png">
      <Filter>Resources\units\barbarian</Filter>
    </ClInclude>
    <ClInclude Include="C:\Users\Shalom\Documents\GitHub\coc\Resources\units\barbarian\barbarian131.0.png">
      <Filter>Resources\units\barbarian</Filter>
    </ClInclude>
    <ClInclude Include="C:\Users\Shalom\Documents\GitHub\coc\Resources\units\barbarian\barbarian132.0.png">
      <Filter>Resources\units\barbarian</Filter>
    </ClInclude>
    <ClInclude Include="C:\Users\Shalom\Documents\GitHub\coc\Resources\units\barbarian\barbarian133.0.png">
      <Filter>Resources\units\barbarian</Filter>
    </ClInclude>
    <ClInclude Include="C:\Users\Shalom\Documents\GitHub\coc\Resources\units\barbarian\barbarian134.0.png">
      <Filter>Resources\units\barbarian</Filter>
    </ClInclude>
    <ClInclude Include="C:\Users\Shalom\Documents\GitHub\coc\Resources\units\barbarian\barbarian135.0.png">
      <Filter>Resources\units\barbarian</Filter>
    </ClInclude>
    <ClInclude Include="C:\Users\Shalom\Documents\GitHub\coc\Resources\units\barbarian\barbarian136.0.png">
      <Filter>Resources\units\barbarian</Filter>
    </ClInclude>
    <ClInclude Include="C:\Users\Shalom\Documents\GitHub\coc\Resources\units\barbarian\barbarian137.0.png">
      <Filter>Resources\units\barbarian</Filter>
    </ClInclude>
    <ClInclude Include="C:\Users\Shalom\Documents\GitHub\coc\Resources\units\barbarian\barbarian138.0.png">
      <Filter>Resources\units\barbarian</Filter>
    </ClInclude>
    <ClInclude Include="C:\Users\Shalom\Documents\GitHub\coc\Resources\units\barbarian\barbarian139.0.png">
      <Filter>Resources\units\barbarian</Filter>
    </ClInclude>
    <ClInclude Include="C:\Users\Shalom\Documents\GitHub\coc\Resources\units\barbarian\barbarian14.0.png">
      <Filter>Resources\units\barbarian</Filter>
    </ClInclude>
    <ClInclude Include="C:\Users\Shalom\Documents\GitHub\coc\Resources\units\barbarian\barbarian140.0.png">
      <Filter>Resources\units\barbarian</Filter>
    </ClInclude>
    <ClInclude Include="C:\Users\Shalom\Documents\GitHub\coc\Resources\units\barbarian\barbarian141.0.png">
      <Filter>Resources\units\barbarian</Filter>
    </ClInclude>
    <ClInclude Include="C:\Users\Shalom\Documents\GitHub\coc\Resources\units\barbarian\barbarian142.0.png">
      <Filter>Resources\units\barbarian</Filter>
    </ClInclude>
    <ClInclude Include="C:\Users\Shalom\Documents\GitHub\coc\Resources\units\barbarian\barbarian143.0.png">
      <Filter>Resources\units\barbarian</Filter>
    </ClInclude>
    <ClInclude Include="C:\Users\Shalom\Documents\GitHub\coc\Resources\units\barbarian\barbarian144.0.png">
      <Filter>Resources\units\barbarian</Filter>
    </ClInclude>
    <ClInclude Include="C:\Users\Shalom\Documents\GitHub\coc\Resources\units\barbarian\barbarian145.0.png">
      <Filter>Resources\units\barbarian</Filter>
    </ClInclude>
    <ClInclude Include="C:\Users\Shalom\Documents\GitHub\coc\Resources\units\barbarian\barbarian146.0.png">
      <Filter>Resources\units\barbarian</Filter>
    </ClInclude>
    <ClInclude Include="C:\Users\Shalom\Documents\GitHub\coc\Resources\units\barbarian\barbarian147.0.png">
      <Filter>Resources\units\barbarian</Filter>
    </ClInclude>
    <ClInclude Include="C:\Users\Shalom\Documents\GitHub\coc\Resources\units\barbarian\barbarian148.0.png">
      <Filter>Resources\units\barbarian</Filter>
    </ClInclude>
    <ClInclude Include="C:\Users\Shalom\Documents\GitHub\coc\Resources\units\barbarian\barbarian149.0.png">
      <Filter>Resources\units\barbarian</Filter>
    </ClInclude>
    <ClInclude Include="C:\Users\Shalom\Documents\GitHub\coc\Resources\units\barbarian\barbarian15.0.png">
      <Filter>Resources\units\barbarian</Filter>
    </ClInclude>
    <ClInclude Include="C:\Users\Shalom\Documents\GitHub\coc\Resources\units\barbarian\barbarian150.0.png">
      <Filter>Resources\units\barbarian</Filter>
    </ClInclude>
    <ClInclude Include="C:\Users\Shalom\Documents\GitHub\coc\Resources\units\barbarian\barbarian151.0.png">
      <Filter>Resources\units\barbarian</Filter>
    </ClInclude>
    <ClInclude Include="C:\Users\Shalom\Documents\GitHub\coc\Resources\units\barbarian\barbarian152.0.png">
      <Filter>Resources\units\barbarian</Filter>
    </ClInclude>
    <ClInclude Include="C:\Users\Shalom\Documents\GitHub\coc\Resources\units\barbarian\barbarian153.0.png">
      <Filter>Resources\units\barbarian</Filter>
    </ClInclude>
    <ClInclude Include="C:\Users\Shalom\Documents\GitHub\coc\Resources\units\barbarian\barbarian154.0.png">
      <Filter>Resources\units\barbarian</Filter>
    </ClInclude>
    <ClInclude Include="C:\Users\Shalom\Documents\GitHub\coc\Resources\units\barbarian\barbarian155.0.png">
      <Filter>Resources\units\barbarian</Filter>
    </ClInclude>
    <ClInclude Include="C:\Users\Shalom\Documents\GitHub\coc\Resources\units\barbarian\barbarian156.0.png">
      <Filter>Resources\units\barbarian</Filter>
    </ClInclude>
    <ClInclude Include="C:\Users\Shalom\Documents\GitHub\coc\Resources\units\barbarian\barbarian157.0.png">
      <Filter>Resources\units\barbarian</Filter>
    </ClInclude>
    <ClInclude Include="C:\Users\Shalom\Documents\GitHub\coc\Resources\units\barbarian\barbarian158.0.png">
      <Filter>Resources\units\barbarian</Filter>
    </ClInclude>
    <ClInclude Include="C:\Users\Shalom\Documents\GitHub\coc\Resources\units\barbarian\barbarian159.0.png">
      <Filter>Resources\units\barbarian</Filter>
    </ClInclude>
    <ClInclude Include="C:\Users\Shalom\Documents\GitHub\coc\Resources\units\barbarian\barbarian16.0.png">
      <Filter>Resources\units\barbarian</Filter>
    </ClInclude>
    <ClInclude Include="C:\Users\Shalom\Documents\GitHub\coc\Resources\units\barbarian\barbarian160.0.png">
      <Filter>Resources\units\barbarian</Filter>
    </ClInclude>
    <ClInclude Include="C:\Users\Shalom\Documents\GitHub\coc\Resources\units\barbarian\barbarian161.0.png">
      <Filter>Resources\units\barbarian</Filter>
    </ClInclude>
    <ClInclude Include="C:\Users\Shalom\Documents\GitHub\coc\Resources\units\barbarian\barbarian162.0.png">
      <Filter>Resources\units\barbarian</Filter>
    </ClInclude>
    <ClInclude Include="C:\Users\Shalom\Documents\GitHub\coc\Resources\units\barbarian\barbarian163.0.png">
      <Filter>Resources\units\barbarian</Filter>
    </ClInclude>
    <ClInclude Include="C:\Users\Shalom\Documents\GitHub\coc\Resources\units\barbarian\barbarian164.0.png">
      <Filter>Resources\units\barbarian</Filter>
    </ClInclude>
    <ClInclude Include="C:\Users\Shalom\Documents\GitHub\coc\Resources\units\barbarian\barbarian165.0.png">
      <Filter>Resources\units\barbarian</Filter>
    </ClInclude>
    <ClInclude Include="C:\Users\Shalom\Documents\GitHub\coc\Resources\units\barbarian\barbarian166.0.png">
      <Filter>Resources\units\barbarian</Filter>
    </ClInclude>
    <ClInclude Include="C:\Users\Shalom\Documents\GitHub\coc\Resources\units\barbarian\barbarian167.0.png">
      <Filter>Resources\units\barbarian</Filter>
    </ClInclude>
    <ClInclude Include="C:\Users\Shalom\Documents\GitHub\coc\Resources\units\barbarian\barbarian168.0.png">
      <Filter>Resources\units\barbarian</Filter>
    </ClInclude>
    <ClInclude Include="C:\Users\Shalom\Documents\GitHub\coc\Resources\units\barbarian\barbarian169.0.png">
      <Filter>Resources\units\barbarian</Filter>
    </ClInclude>
    <ClInclude Include="C:\Users\Shalom\Documents\GitHub\coc\Resources\units\barbarian\barbarian17.0.png">
      <Filter>Resources\units\barbarian</Filter>
    </ClInclude>
    <ClInclude Include="C:\Users\Shalom\Documents\GitHub\coc\Resources\units\barbarian\barbarian170.0.png">
      <Filter>Resources\units\barbarian</Filter>
    </ClInclude>
    <ClInclude Include="C:\Users\Shalom\Documents\GitHub\coc\Resources\units\barbarian\barbarian171.0.png">
      <Filter>Resources\units\barbarian</Filter>
    </ClInclude>
    <ClInclude Include="C:\Users\Shalom\Documents\GitHub\coc\Resources\units\barbarian\barbarian172.0.png">
      <Filter>Resources\units\barbarian</Filter>
    </ClInclude>
    <ClInclude Include="C:\Users\Shalom\Documents\GitHub\coc\Resources\units\barbarian\barbarian173.0.png">
      <Filter>Resources\units\barbarian</Filter>
    </ClInclude>
    <ClInclude Include="C:\Users\Shalom\Documents\GitHub\coc\Resources\units\barbarian\barbarian174.0.png">
      <Filter>Resources\units\barbarian</Filter>
    </ClInclude>
    <ClInclude Include="C:\Users\Shalom\Documents\GitHub\coc\Resources\units\barbarian\barbarian175.0.png">
      <Filter>Resources\units\barbarian</Filter>
    </ClInclude>
    <ClInclude Include="C:\Users\Shalom\Documents\GitHub\coc\Resources\units\barbarian\barbarian176.0.png">
      <Filter>Resources\units\barbarian</Filter>
    </ClInclude>
    <ClInclude Include="C:\Users\Shalom\Documents\GitHub\coc\Resources\units\barbarian\barbarian18.0.png">
      <Filter>Resources\units\barbarian</Filter>
    </ClInclude>
    <ClInclude Include="C:\Users\Shalom\Documents\GitHub\coc\Resources\units\barbarian\barbarian19.0.png">
      <Filter>Resources\units\barbarian</Filter>
    </ClInclude>
    <ClInclude Include="C:\Users\Shalom\Documents\GitHub\coc\Resources\units\barbarian\barbarian2.0.png">
      <Filter>Resources\units\barbarian</Filter>
    </ClInclude>
    <ClInclude Include="C:\Users\Shalom\Documents\GitHub\coc\Resources\units\barbarian\barbarian20.0.png">
      <Filter>Resources\units\barbarian</Filter>
    </ClInclude>
    <ClInclude Include="C:\Users\Shalom\Documents\GitHub\coc\Resources\units\barbarian\barbarian21.0.png">
      <Filter>Resources\units\barbarian</Filter>
    </ClInclude>
    <ClInclude Include="C:\Users\Shalom\Documents\GitHub\coc\Resources\units\barbarian\barbarian22.0.png">
      <Filter>Resources\units\barbarian</Filter>
    </ClInclude>
    <ClInclude Include="C:\Users\Shalom\Documents\GitHub\coc\Resources\units\barbarian\barbarian23.0.png">
      <Filter>Resources\units\barbarian</Filter>
    </ClInclude>
    <ClInclude Include="C:\Users\Shalom\Documents\GitHub\coc\Resources\units\barbarian\barbarian24.0.png">
      <Filter>Resources\units\barbarian</Filter>
    </ClInclude>
    <ClInclude Include="C:\Users\Shalom\Documents\GitHub\coc\Resources\units\barbarian\barbarian25.0.png">
      <Filter>Resources\units\barbarian</Filter>
    </ClInclude>
    <ClInclude Include="C:\Users\Shalom\Documents\GitHub\coc\Resources\units\barbarian\barbarian26.0.png">
      <Filter>Resources\units\barbarian</Filter>
    </ClInclude>
    <ClInclude Include="C:\Users\Shalom\Documents\GitHub\coc\Resources\units\barbarian\barbarian27.0.png">
      <Filter>Resources\units\barbarian</Filter>
    </ClInclude>
    <ClInclude Include="C:\Users\Shalom\Documents\GitHub\coc\Resources\units\barbarian\barbarian28.0.png">
      <Filter>Resources\units\barbarian</Filter>
    </ClInclude>
    <ClInclude Include="C:\Users\Shalom\Documents\GitHub\coc\Resources\units\barbarian\barbarian29.0.png">
      <Filter>Resources\units\barbarian</Filter>
    </ClInclude>
    <ClInclude Include="C:\Users\Shalom\Documents\GitHub\coc\Resources\units\barbarian\barbarian3.0.png">
      <Filter>Resources\units\barbarian</Filter>
    </ClInclude>
    <ClInclude Include="C:\Users\Shalom\Documents\GitHub\coc\Resources\units\barbarian\barbarian30.0.png">
      <Filter>Resources\units\barbarian</Filter>
    </ClInclude>
    <ClInclude Include="C:\Users\Shalom\Documents\GitHub\coc\Resources\units\barbarian\barbarian31.0.png">
      <Filter>Resources\units\barbarian</Filter>
    </ClInclude>
    <ClInclude Include="C:\Users\Shalom\Documents\GitHub\coc\Resources\units\barbarian\barbarian32.0.png">
      <Filter>Resources\units\barbarian</Filter>
    </ClInclude>
    <ClInclude Include="C:\Users\Shalom\Documents\GitHub\coc\Resources\units\barbarian\barbarian33.0.png">
      <Filter>Resources\units\barbarian</Filter>
    </ClInclude>
    <ClInclude Include="C:\Users\Shalom\Documents\GitHub\coc\Resources\units\barbarian\barbarian34.0.png">
      <Filter>Resources\units\barbarian</Filter>
    </ClInclude>
    <ClInclude Include="C:\Users\Shalom\Documents\GitHub\coc\Resources\units\barbarian\barbarian35.0.png">
      <Filter>Resources\units\barbarian</Filter>
    </ClInclude>
    <ClInclude Include="C:\Users\Shalom\Documents\GitHub\coc\Resources\units\barbarian\barbarian36.0.png">
      <Filter>Resources\units\barbarian</Filter>
    </ClInclude>
    <ClInclude Include="C:\Users\Shalom\Documents\GitHub\coc\Resources\units\barbarian\barbarian37.0.png">
      <Filter>Resources\units\barbarian</Filter>
    </ClInclude>
    <ClInclude Include="C:\Users\Shalom\Documents\GitHub\coc\Resources\units\barbarian\barbarian38.0.png">
      <Filter>Resources\units\barbarian</Filter>
    </ClInclude>
    <ClInclude Include="C:\Users\Shalom\Documents\GitHub\coc\Resources\units\barbarian\barbarian39.0.png">
      <Filter>Resources\units\barbarian</Filter>
    </ClInclude>
    <ClInclude Include="C:\Users\Shalom\Documents\GitHub\coc\Resources\units\barbarian\barbarian4.0.png">
      <Filter>Resources\units\barbarian</Filter>
    </ClInclude>
    <ClInclude Include="C:\Users\Shalom\Documents\GitHub\coc\Resources\units\barbarian\barbarian40.0.png">
      <Filter>Resources\units\barbarian</Filter>
    </ClInclude>
    <ClInclude Include="C:\Users\Shalom\Documents\GitHub\coc\Resources\units\barbarian\barbarian41.0.png">
      <Filter>Resources\units\barbarian</Filter>
    </ClInclude>
    <ClInclude Include="C:\Users\Shalom\Documents\GitHub\coc\Resources\units\barbarian\barbarian42.0.png">
      <Filter>Resources\units\barbarian</Filter>
    </ClInclude>
    <ClInclude Include="C:\Users\Shalom\Documents\GitHub\coc\Resources\units\barbarian\barbarian43.0.png">
      <Filter>Resources\units\barbarian</Filter>
    </ClInclude>
    <ClInclude Include="C:\Users\Shalom\Documents\GitHub\coc\Resources\units\barbarian\barbarian44.0.png">
      <Filter>Resources\units\barbarian</Filter>
    </ClInclude>
    <ClInclude Include="C:\Users\Shalom\Documents\GitHub\coc\Resources\units\barbarian\barbarian45.0.png">
      <Filter>Resources\units\barbarian</Filter>
    </ClInclude>
    <ClInclude Include="C:\Users\Shalom\Documents\GitHub\coc\Resources\units\barbarian\barbarian46.0.png">
      <Filter>Resources\units\barbarian</Filter>
    </ClInclude>
    <ClInclude Include="C:\Users\Shalom\Documents\GitHub\coc\Resources\units\barbarian\barbarian47.0.png">
      <Filter>Resources\units\barbarian</Filter>
    </ClInclude>
    <ClInclude Include="C:\Users\Shalom\Documents\GitHub\coc\Resources\units\barbarian\barbarian48.0.png">
      <Filter>Resources\units\barbarian</Filter>
    </ClInclude>
    <ClInclude Include="C:\Users\Shalom\Documents\GitHub\coc\Resources\units\barbarian\barbarian49.0.png">
      <Filter>Resources\units\barbarian</Filter>
    </ClInclude>
    <ClInclude Include="C:\Users\Shalom\Documents\GitHub\coc\Resources\units\barbarian\barbarian5.0.png">
      <Filter>Resources\units\barbarian</Filter>
    </ClInclude>
    <ClInclude Include="C:\Users\Shalom\Documents\GitHub\coc\Resources\units\barbarian\barbarian50.0.png">
      <Filter>Resources\units\barbarian</Filter>
    </ClInclude>
    <ClInclude Include="C:\Users\Shalom\Documents\GitHub\coc\Resources\units\barbarian\barbarian51.0.png">
      <Filter>Resources\units\barbarian</Filter>
    </ClInclude>
    <ClInclude Include="C:\Users\Shalom\Documents\GitHub\coc\Resources\units\barbarian\barbarian52.0.png">
      <Filter>Resources\units\barbarian</Filter>
    </ClInclude>
    <ClInclude Include="C:\Users\Shalom\Documents\GitHub\coc\Resources\units\barbarian\barbarian53.0.png">
      <Filter>Resources\units\barbarian</Filter>
    </ClInclude>
    <ClInclude Include="C:\Users\Shalom\Documents\GitHub\coc\Resources\units\barbarian\barbarian54.0.png">
      <Filter>Resources\units\barbarian</Filter>
    </ClInclude>
    <ClInclude Include="C:\Users\Shalom\Documents\GitHub\coc\Resources\units\barbarian\barbarian55.0.png">
      <Filter>Resources\units\barbarian</Filter>
    </ClInclude>
    <ClInclude Include="C:\Users\Shalom\Documents\GitHub\coc\Resources\units\barbarian\barbarian56.0.png">
      <Filter>Resources\units\barbarian</Filter>
    </ClInclude>
    <ClInclude Include="C:\Users\Shalom\Documents\GitHub\coc\Resources\units\barbarian\barbarian57.0.png">
      <Filter>Resources\units\barbarian</Filter>
    </ClInclude>
    <ClInclude Include="C:\Users\Shalom\Documents\GitHub\coc\Resources\units\barbarian\barbarian58.0.png">
      <Filter>Resources\units\barbarian</Filter>
    </ClInclude>
    <ClInclude Include="C:\Users\Shalom\Documents\GitHub\coc\Resources\units\barbarian\barbarian59.0.png">
      <Filter>Resources\units\barbarian</Filter>
    </ClInclude>
    <ClInclude Include="C:\Users\Shalom\Documents\GitHub\coc\Resources\units\barbarian\barbarian6.0.png">
      <Filter>Resources\units\barbarian</Filter>
    </ClInclude>
    <ClInclude Include="C:\Users\Shalom\Documents\GitHub\coc\Resources\units\barbarian\barbarian60.0.png">
      <Filter>Resources\units\barbarian</Filter>
    </ClInclude>
    <ClInclude Include="C:\Users\Shalom\Documents\GitHub\coc\Resources\units\barbarian\barbarian61.0.png">
      <Filter>Resources\units\barbarian</Filter>
    </ClInclude>
    <ClInclude Include="C:\Users\Shalom\Documents\GitHub\coc\Resources\units\barbarian\barbarian62.0.png">
      <Filter>Resources\units\barbarian</Filter>
    </ClInclude>
    <ClInclude Include="C:\Users\Shalom\Documents\GitHub\coc\Resources\units\barbarian\barbarian63.0.png">
      <Filter>Resources\units\barbarian</Filter>
    </ClInclude>
    <ClInclude Include="C:\Users\Shalom\Documents\GitHub\coc\Resources\units\barbarian\barbarian64.0.png">
      <Filter>Resources\units\barbarian</Filter>
    </ClInclude>
    <ClInclude Include="C:\Users\Shalom\Documents\GitHub\coc\Resources\units\barbarian\barbarian65.0.png">
      <Filter>Resources\units\barbarian</Filter>
    </ClInclude>
    <ClInclude Include="C:\Users\Shalom\Documents\GitHub\coc\Resources\units\barbarian\barbarian66.0.png">
      <Filter>Resources\units\barbarian</Filter>
    </ClInclude>
    <ClInclude Include="C:\Users\Shalom\Documents\GitHub\coc\Resources\units\barbarian\barbarian67.0.png">
      <Filter>Resources\units\barbarian</Filter>
    </ClInclude>
    <ClInclude Include="C:\Users\Shalom\Documents\GitHub\coc\Resources\units\barbarian\barbarian68.0.png">
      <Filter>Resources\units\barbarian</Filter>
    </ClInclude>
    <ClInclude Include="C:\Users\Shalom\Documents\GitHub\coc\Resources\units\barbarian\barbarian69.0.png">
      <Filter>Resources\units\barbarian</Filter>
    </ClInclude>
    <ClInclude Include="C:\Users\Shalom\Documents\GitHub\coc\Resources\units\barbarian\barbarian7.0.png">
      <Filter>Resources\units\barbarian</Filter>
    </ClInclude>
    <ClInclude Include="C:\Users\Shalom\Documents\GitHub\coc\Resources\units\barbarian\barbarian70.0.png">
      <Filter>Resources\units\barbarian</Filter>
    </ClInclude>
    <ClInclude Include="C:\Users\Shalom\Documents\GitHub\coc\Resources\units\barbarian\barbarian71.0.png">
      <Filter>Resources\units\barbarian</Filter>
    </ClInclude>
    <ClInclude Include="C:\Users\Shalom\Documents\GitHub\coc\Resources\units\barbarian\barbarian72.0.png">
      <Filter>Resources\units\barbarian</Filter>
    </ClInclude>
    <ClInclude Include="C:\Users\Shalom\Documents\GitHub\coc\Resources\units\barbarian\barbarian73.0.png">
      <Filter>Resources\units\barbarian</Filter>
    </ClInclude>
    <ClInclude Include="C:\Users\Shalom\Documents\GitHub\coc\Resources\units\barbarian\barbarian74.0.png">
      <Filter>Resources\units\barbarian</Filter>
    </ClInclude>
    <ClInclude Include="C:\Users\Shalom\Documents\GitHub\coc\Resources\units\barbarian\barbarian75.0.png">
      <Filter>Resources\units\barbarian</Filter>
    </ClInclude>
    <ClInclude Include="C:\Users\Shalom\Documents\GitHub\coc\Resources\units\barbarian\barbarian76.0.png">
      <Filter>Resources\units\barbarian</Filter>
    </ClInclude>
    <ClInclude Include="C:\Users\Shalom\Documents\GitHub\coc\Resources\units\barbarian\barbarian77.0.png">
      <Filter>Resources\units\barbarian</Filter>
    </ClInclude>
    <ClInclude Include="C:\Users\Shalom\Documents\GitHub\coc\Resources\units\barbarian\barbarian78.0.png">
      <Filter>Resources\units\barbarian</Filter>
    </ClInclude>
    <ClInclude Include="C:\Users\Shalom\Documents\GitHub\coc\Resources\units\barbarian\barbarian79.0.png">
      <Filter>Resources\units\barbarian</Filter>
    </ClInclude>
    <ClInclude Include="C:\Users\Shalom\Documents\GitHub\coc\Resources\units\barbarian\barbarian8.0.png">
      <Filter>Resources\units\barbarian</Filter>
    </ClInclude>
    <ClInclude Include="C:\Users\Shalom\Documents\GitHub\coc\Resources\units\barbarian\barbarian80.0.png">
      <Filter>Resources\units\barbarian</Filter>
    </ClInclude>
    <ClInclude Include="C:\Users\Shalom\Documents\GitHub\coc\Resources\units\barbarian\barbarian81.0.png">
      <Filter>Resources\units\barbarian</Filter>
    </ClInclude>
    <ClInclude Include="C:\Users\Shalom\Documents\GitHub\coc\Resources\units\barbarian\barbarian82.0.png">
      <Filter>Resources\units\barbarian</Filter>
    </ClInclude>
    <ClInclude Include="C:\Users\Shalom\Documents\GitHub\coc\Resources\units\barbarian\barbarian83.0.png">
      <Filter>Resources\units\barbarian</Filter>
    </ClInclude>
    <ClInclude Include="C:\Users\Shalom\Documents\GitHub\coc\Resources\units\barbarian\barbarian84.0.png">
      <Filter>Resources\units\barbarian</Filter>
    </ClInclude>
    <ClInclude Include="C:\Users\Shalom\Documents\GitHub\coc\Resources\units\barbarian\barbarian85.0.png">
      <Filter>Resources\units\barbarian</Filter>
    </ClInclude>
    <ClInclude Include="C:\Users\Shalom\Documents\GitHub\coc\Resources\units\barbarian\barbarian86.0.png">
      <Filter>Resources\units\barbarian</Filter>
    </ClInclude>
    <ClInclude Include="C:\Users\Shalom\Documents\GitHub\coc\Resources\units\barbarian\barbarian87.0.png">
      <Filter>Resources\units\barbarian</Filter>
    </ClInclude>
    <ClInclude Include="C:\Users\Shalom\Documents\GitHub\coc\Resources\units\barbarian\barbarian88.0.png">
      <Filter>Resources\units\barbarian</Filter>
    </ClInclude>
    <ClInclude Include="C:\Users\Shalom\Documents\GitHub\coc\Resources\units\barbarian\barbarian89.0.png">
      <Filter>Resources\units\barbarian</Filter>
    </ClInclude>
    <ClInclude Include="C:\Users\Shalom\Documents\GitHub\coc\Resources\units\barbarian\barbarian9.0.png">
      <Filter>Resources\units\barbarian</Filter>
    </ClInclude>
    <ClInclude Include="C:\Users\Shalom\Documents\GitHub\coc\Resources\units\barbarian\barbarian90.0.png">
      <Filter>Resources\units\barbarian</Filter>
    </ClInclude>
    <ClInclude Include="C:\Users\Shalom\Documents\GitHub\coc\Resources\units\barbarian\barbarian91.0.png">
      <Filter>Resources\units\barbarian</Filter>
    </ClInclude>
    <ClInclude Include="C:\Users\Shalom\Documents\GitHub\coc\Resources\units\barbarian\barbarian92.0.png">
      <Filter>Resources\units\barbarian</Filter>
    </ClInclude>
    <ClInclude Include="C:\Users\Shalom\Documents\GitHub\coc\Resources\units\barbarian\barbarian93.0.png">
      <Filter>Resources\units\barbarian</Filter>
    </ClInclude>
    <ClInclude Include="C:\Users\Shalom\Documents\GitHub\coc\Resources\units\barbarian\barbarian94.0.png">
      <Filter>Resources\units\barbarian</Filter>
    </ClInclude>
    <ClInclude Include="C:\Users\Shalom\Documents\GitHub\coc\Resources\units\barbarian\barbarian95.0.png">
      <Filter>Resources\units\barbarian</Filter>
    </ClInclude>
    <ClInclude Include="C:\Users\Shalom\Documents\GitHub\coc\Resources\units\barbarian\barbarian96.0.png">
      <Filter>Resources\units\barbarian</Filter>
    </ClInclude>
    <ClInclude Include="C:\Users\Shalom\Documents\GitHub\coc\Resources\units\barbarian\barbarian97.0.png">
      <Filter>Resources\units\barbarian</Filter>
    </ClInclude>
    <ClInclude Include="C:\Users\Shalom\Documents\GitHub\coc\Resources\units\barbarian\barbarian98.0.png">
      <Filter>Resources\units\barbarian</Filter>
    </ClInclude>
    <ClInclude Include="C:\Users\Shalom\Documents\GitHub\coc\Resources\units\barbarian\barbarian99.0.png">
      <Filter>Resources\units\barbarian</Filter>
    </ClInclude>
    <ClInclude Include="C:\Users\Shalom\Documents\GitHub\coc\Resources\units\barbarian\素材分类.txt">
      <Filter>Resources\units\barbarian</Filter>
    </ClInclude>
  </ItemGroup>
  <ItemGroup>
    <CustomBuild Include="C:\Users\Shalom\Documents\GitHub\coc\CMakeLists.txt" />
  </ItemGroup>
  <ItemGroup>
    <ResourceCompile Include="C:\Users\Shalom\Documents\GitHub\coc\proj.win32\game.rc">
      <Filter>Source Files\proj.win32</Filter>
    </ResourceCompile>
  </ItemGroup>
  <ItemGroup>
    <Filter Include="Resources">
      <UniqueIdentifier>{593DB9D8-C329-3875-99CF-B4C04091120C}</UniqueIdentifier>
    </Filter>
    <Filter Include="Resources\BaseCamp">
      <UniqueIdentifier>{619B7730-689A-38A0-81E6-08E603A31F3E}</UniqueIdentifier>
    </Filter>
    <Filter Include="Resources\audio">
      <UniqueIdentifier>{C32BCC71-4B67-3ACF-BE25-8206BD3700C6}</UniqueIdentifier>
    </Filter>
    <Filter Include="Resources\audio\background">
      <UniqueIdentifier>{B3235A84-9E30-3B96-9860-0B0A74B905D5}</UniqueIdentifier>
    </Filter>
    <Filter Include="Resources\fonts">
      <UniqueIdentifier>{8D570436-F86F-3059-A126-CA452719EA1B}</UniqueIdentifier>
    </Filter>
    <Filter Include="Resources\map">
      <UniqueIdentifier>{D4407A86-71E3-3DF2-8B63-1ED6EB5880A6}</UniqueIdentifier>
    </Filter>
    <Filter Include="Resources\res">
      <UniqueIdentifier>{8DF75AC7-3876-3C12-AD3E-8990078AA7FF}</UniqueIdentifier>
    </Filter>
    <Filter Include="Resources\units">
      <UniqueIdentifier>{17E058AC-DD73-321B-A813-0CFDE2AB8AFD}</UniqueIdentifier>
    </Filter>
    <Filter Include="Resources\units\archer">
      <UniqueIdentifier>{97754AFB-113E-3ECB-B608-B4FF1F0E60CA}</UniqueIdentifier>
    </Filter>
    <Filter Include="Resources\units\archer\archer">
      <UniqueIdentifier>{93D9900C-C27C-3DF2-AC35-246B8D3ABD88}</UniqueIdentifier>
    </Filter>
    <Filter Include="Resources\units\archer\archer\Export">
      <UniqueIdentifier>{26BA32D4-BE42-368B-AD7E-A8B944BF531C}</UniqueIdentifier>
    </Filter>
    <Filter Include="Resources\units\archer\archer\Export\archer">
      <UniqueIdentifier>{F8B1397E-1A61-3CB7-B169-907BB4232970}</UniqueIdentifier>
    </Filter>
    <Filter Include="Resources\units\archer\archer\Resources">
      <UniqueIdentifier>{2BFEC965-AC41-3C19-85BA-24D1C0F915EC}</UniqueIdentifier>
    </Filter>
    <Filter Include="Resources\units\archer\archer\Resources\archer_PList.Dir">
      <UniqueIdentifier>{B8FA14F3-E563-3BE9-AB09-B7A0C160D8B6}</UniqueIdentifier>
    </Filter>
    <Filter Include="Resources\units\archer\archer\Ruler">
      <UniqueIdentifier>{ACDA671D-7290-3D48-A5D4-7FA6E0C3909F}</UniqueIdentifier>
    </Filter>
    <Filter Include="Resources\units\barbarian">
      <UniqueIdentifier>{F0617DD7-ED41-3F1D-B2CB-D16DA3F73D8D}</UniqueIdentifier>
    </Filter>
    <Filter Include="Source Files">
      <UniqueIdentifier>{3F0150E2-78CA-387A-B13B-A5AB4F07D025}</UniqueIdentifier>
    </Filter>
    <Filter Include="Source Files\Classes">
      <UniqueIdentifier>{A8C19D8A-95D1-344B-A2AE-B262538A467C}</UniqueIdentifier>
    </Filter>
    <Filter Include="Source Files\Classes\App">
      <UniqueIdentifier>{FD50E419-BC70-3658-B82B-927B73FA7FB3}</UniqueIdentifier>
    </Filter>
    <Filter Include="Source Files\Classes\Buildings">
      <UniqueIdentifier>{38D499E3-71A8-3EB6-B2E3-AAD36C6DD7E3}</UniqueIdentifier>
    </Filter>
    <Filter Include="Source Files\Classes\GridMap">
      <UniqueIdentifier>{45269F18-F3CF-3558-9873-896372222157}</UniqueIdentifier>
    </Filter>
    <Filter Include="Source Files\Classes\Managers">
      <UniqueIdentifier>{97E3A242-2344-3A4F-8F13-211DAA837378}</UniqueIdentifier>
    </Filter>
    <Filter Include="Source Files\Classes\Models">
      <UniqueIdentifier>{5BDD5D3B-40E5-39DD-B7D5-70569532FB40}</UniqueIdentifier>
    </Filter>
    <Filter Include="Source Files\Classes\Scenes">
      <UniqueIdentifier>{9E6AEE65-5BBF-330A-A3A0-AFE682CA5AB5}</UniqueIdentifier>
    </Filter>
    <Filter Include="Source Files\Classes\Unit">
      <UniqueIdentifier>{53CEB883-EDDF-3E42-83E3-DC4CA80FAA8B}</UniqueIdentifier>
    </Filter>
    <Filter Include="Source Files\proj.win32">
      <UniqueIdentifier>{6BCB26C0-9DE8-33A8-9481-00FF4B2F3692}</UniqueIdentifier>
    </Filter>
  </ItemGroup>
</Project>
